// !$*UTF8*$!
{
	archiveVersion = 1;
	classes = {
	};
	objectVersion = 46;
	objects = {

/* Begin PBXBuildFile section */
		134DB4BB92141EB2B2585D49 /* Pods_MokhtaserAlNaseha.framework in Frameworks */ = {isa = PBXBuildFile; fileRef = D005F331354B0E1AB970A17F /* Pods_MokhtaserAlNaseha.framework */; };
		26922E5CA335A5B6151EB5C4 /* Pods_MokhtaserAlNasehaUITests.framework in Frameworks */ = {isa = PBXBuildFile; fileRef = F1714DA5916F539CD8ED32FB /* Pods_MokhtaserAlNasehaUITests.framework */; };
		379A5EFD19F603064BE42633 /* Pods_MokhtaserAlNasehaTests.framework in Frameworks */ = {isa = PBXBuildFile; fileRef = 8A0B86F44EBA2E7539AA4A6A /* Pods_MokhtaserAlNasehaTests.framework */; };
		E92E0E3E1DB9FA7E005E1034 /* Nasyha.pdf in Resources */ = {isa = PBXBuildFile; fileRef = E92E0E3D1DB9FA7E005E1034 /* Nasyha.pdf */; };
		E92E0E401DBA0D7C005E1034 /* FileManager.swift in Sources */ = {isa = PBXBuildFile; fileRef = E92E0E3F1DBA0D7C005E1034 /* FileManager.swift */; };
		E92E0E421DBA0E45005E1034 /* General Index.csv in Resources */ = {isa = PBXBuildFile; fileRef = E92E0E411DBA0E45005E1034 /* General Index.csv */; };
		E93F5DF91DBF4243006AE299 /* SettingsViewController.swift in Sources */ = {isa = PBXBuildFile; fileRef = E93F5DF81DBF4243006AE299 /* SettingsViewController.swift */; };
		E96A572C1DB8BC0100BBD979 /* Constants.swift in Sources */ = {isa = PBXBuildFile; fileRef = E96A572B1DB8BC0100BBD979 /* Constants.swift */; };
		E9A2ADC01DB8B03500CA3A8B /* mokhtaser.pdf in Resources */ = {isa = PBXBuildFile; fileRef = E9A2ADBE1DB8B03500CA3A8B /* mokhtaser.pdf */; };
		E9A2ADCB1DB8B5B800CA3A8B /* IndexCell.swift in Sources */ = {isa = PBXBuildFile; fileRef = E9A2ADC91DB8B5B800CA3A8B /* IndexCell.swift */; };
		E9A2ADCC1DB8B5B800CA3A8B /* IndexCell.xib in Resources */ = {isa = PBXBuildFile; fileRef = E9A2ADCA1DB8B5B800CA3A8B /* IndexCell.xib */; };
		E9A572B51DC23D83002DEBA1 /* Dependence.swift in Sources */ = {isa = PBXBuildFile; fileRef = E9A572B41DC23D83002DEBA1 /* Dependence.swift */; };
		E9A572C71DC24020002DEBA1 /* BookDataManager.swift in Sources */ = {isa = PBXBuildFile; fileRef = E9A572BB1DC24020002DEBA1 /* BookDataManager.swift */; };
		E9A572C81DC24020002DEBA1 /* BookInteractor.swift in Sources */ = {isa = PBXBuildFile; fileRef = E9A572BD1DC24020002DEBA1 /* BookInteractor.swift */; };
		E9A572C91DC24020002DEBA1 /* BookModuleInterface.swift in Sources */ = {isa = PBXBuildFile; fileRef = E9A572BF1DC24020002DEBA1 /* BookModuleInterface.swift */; };
		E9A572CA1DC24020002DEBA1 /* BookPresenter.swift in Sources */ = {isa = PBXBuildFile; fileRef = E9A572C11DC24020002DEBA1 /* BookPresenter.swift */; };
		E9A572CB1DC24020002DEBA1 /* BookViewController.swift in Sources */ = {isa = PBXBuildFile; fileRef = E9A572C31DC24020002DEBA1 /* BookViewController.swift */; };
		E9A572CC1DC24020002DEBA1 /* BookViewInterface.swift in Sources */ = {isa = PBXBuildFile; fileRef = E9A572C41DC24020002DEBA1 /* BookViewInterface.swift */; };
		E9A572CD1DC24020002DEBA1 /* BookWireframe.swift in Sources */ = {isa = PBXBuildFile; fileRef = E9A572C61DC24020002DEBA1 /* BookWireframe.swift */; };
		E9A9581A1DB85F21004C66AD /* AppDelegate.swift in Sources */ = {isa = PBXBuildFile; fileRef = E9A958191DB85F21004C66AD /* AppDelegate.swift */; };
		E9A9581E1DB85F21004C66AD /* IndexViewController.swift in Sources */ = {isa = PBXBuildFile; fileRef = E9A9581D1DB85F21004C66AD /* IndexViewController.swift */; };
		E9A958211DB85F21004C66AD /* Main.storyboard in Resources */ = {isa = PBXBuildFile; fileRef = E9A9581F1DB85F21004C66AD /* Main.storyboard */; };
		E9A958231DB85F21004C66AD /* Assets.xcassets in Resources */ = {isa = PBXBuildFile; fileRef = E9A958221DB85F21004C66AD /* Assets.xcassets */; };
		E9A958261DB85F21004C66AD /* LaunchScreen.storyboard in Resources */ = {isa = PBXBuildFile; fileRef = E9A958241DB85F21004C66AD /* LaunchScreen.storyboard */; };
		E9A958311DB85F22004C66AD /* MokhtaserAlNasehaTests.swift in Sources */ = {isa = PBXBuildFile; fileRef = E9A958301DB85F22004C66AD /* MokhtaserAlNasehaTests.swift */; };
		E9A9583C1DB85F22004C66AD /* MokhtaserAlNasehaUITests.swift in Sources */ = {isa = PBXBuildFile; fileRef = E9A9583B1DB85F22004C66AD /* MokhtaserAlNasehaUITests.swift */; };
		E9EDC2A61DBC986900546E4B /* FavoriteTableViewController.swift in Sources */ = {isa = PBXBuildFile; fileRef = E9EDC2A51DBC986900546E4B /* FavoriteTableViewController.swift */; };
		E9EDC2A81DBC9A0D00546E4B /* FavoriteCell.swift in Sources */ = {isa = PBXBuildFile; fileRef = E9EDC2A71DBC9A0D00546E4B /* FavoriteCell.swift */; };
		E9F0056E1DBA121A003FF978 /* IndexEntity.swift in Sources */ = {isa = PBXBuildFile; fileRef = E9F0056D1DBA121A003FF978 /* IndexEntity.swift */; };
/* End PBXBuildFile section */

/* Begin PBXContainerItemProxy section */
		E9A9582D1DB85F22004C66AD /* PBXContainerItemProxy */ = {
			isa = PBXContainerItemProxy;
			containerPortal = E9A9580E1DB85F20004C66AD /* Project object */;
			proxyType = 1;
			remoteGlobalIDString = E9A958151DB85F20004C66AD;
			remoteInfo = MokhtaserAlNaseha;
		};
		E9A958381DB85F22004C66AD /* PBXContainerItemProxy */ = {
			isa = PBXContainerItemProxy;
			containerPortal = E9A9580E1DB85F20004C66AD /* Project object */;
			proxyType = 1;
			remoteGlobalIDString = E9A958151DB85F20004C66AD;
			remoteInfo = MokhtaserAlNaseha;
		};
/* End PBXContainerItemProxy section */

/* Begin PBXFileReference section */
		2AB512B4FE23978C6B85B752 /* Pods-MokhtaserAlNasehaTests.release.xcconfig */ = {isa = PBXFileReference; includeInIndex = 1; lastKnownFileType = text.xcconfig; name = "Pods-MokhtaserAlNasehaTests.release.xcconfig"; path = "Pods/Target Support Files/Pods-MokhtaserAlNasehaTests/Pods-MokhtaserAlNasehaTests.release.xcconfig"; sourceTree = "<group>"; };
		2D385D13E77FDF6BEB11F050 /* Pods-MokhtaserAlNaseha.debug.xcconfig */ = {isa = PBXFileReference; includeInIndex = 1; lastKnownFileType = text.xcconfig; name = "Pods-MokhtaserAlNaseha.debug.xcconfig"; path = "Pods/Target Support Files/Pods-MokhtaserAlNaseha/Pods-MokhtaserAlNaseha.debug.xcconfig"; sourceTree = "<group>"; };
		511398C7D62A4AE2A4C8EB7A /* Pods-MokhtaserAlNasehaUITests.debug.xcconfig */ = {isa = PBXFileReference; includeInIndex = 1; lastKnownFileType = text.xcconfig; name = "Pods-MokhtaserAlNasehaUITests.debug.xcconfig"; path = "Pods/Target Support Files/Pods-MokhtaserAlNasehaUITests/Pods-MokhtaserAlNasehaUITests.debug.xcconfig"; sourceTree = "<group>"; };
		672B2AC8A8FEB85F1FDAB798 /* Pods-MokhtaserAlNasehaTests.debug.xcconfig */ = {isa = PBXFileReference; includeInIndex = 1; lastKnownFileType = text.xcconfig; name = "Pods-MokhtaserAlNasehaTests.debug.xcconfig"; path = "Pods/Target Support Files/Pods-MokhtaserAlNasehaTests/Pods-MokhtaserAlNasehaTests.debug.xcconfig"; sourceTree = "<group>"; };
		8A0B86F44EBA2E7539AA4A6A /* Pods_MokhtaserAlNasehaTests.framework */ = {isa = PBXFileReference; explicitFileType = wrapper.framework; includeInIndex = 0; path = Pods_MokhtaserAlNasehaTests.framework; sourceTree = BUILT_PRODUCTS_DIR; };
		BDC6A97E0C69F4CBA1871946 /* Pods-MokhtaserAlNaseha.release.xcconfig */ = {isa = PBXFileReference; includeInIndex = 1; lastKnownFileType = text.xcconfig; name = "Pods-MokhtaserAlNaseha.release.xcconfig"; path = "Pods/Target Support Files/Pods-MokhtaserAlNaseha/Pods-MokhtaserAlNaseha.release.xcconfig"; sourceTree = "<group>"; };
		D005F331354B0E1AB970A17F /* Pods_MokhtaserAlNaseha.framework */ = {isa = PBXFileReference; explicitFileType = wrapper.framework; includeInIndex = 0; path = Pods_MokhtaserAlNaseha.framework; sourceTree = BUILT_PRODUCTS_DIR; };
		E92E0E3D1DB9FA7E005E1034 /* Nasyha.pdf */ = {isa = PBXFileReference; lastKnownFileType = image.pdf; path = Nasyha.pdf; sourceTree = "<group>"; };
		E92E0E3F1DBA0D7C005E1034 /* FileManager.swift */ = {isa = PBXFileReference; fileEncoding = 4; lastKnownFileType = sourcecode.swift; name = FileManager.swift; path = Common/FileManager.swift; sourceTree = "<group>"; };
		E92E0E411DBA0E45005E1034 /* General Index.csv */ = {isa = PBXFileReference; fileEncoding = 4; lastKnownFileType = text; path = "General Index.csv"; sourceTree = "<group>"; };
		E93F5DF81DBF4243006AE299 /* SettingsViewController.swift */ = {isa = PBXFileReference; fileEncoding = 4; lastKnownFileType = sourcecode.swift; name = SettingsViewController.swift; path = Module/Settings/SettingsViewController.swift; sourceTree = "<group>"; };
		E96A572B1DB8BC0100BBD979 /* Constants.swift */ = {isa = PBXFileReference; fileEncoding = 4; lastKnownFileType = sourcecode.swift; name = Constants.swift; path = Common/Constants.swift; sourceTree = "<group>"; };
		E9A2ADBE1DB8B03500CA3A8B /* mokhtaser.pdf */ = {isa = PBXFileReference; lastKnownFileType = image.pdf; path = mokhtaser.pdf; sourceTree = "<group>"; };
		E9A2ADC91DB8B5B800CA3A8B /* IndexCell.swift */ = {isa = PBXFileReference; fileEncoding = 4; lastKnownFileType = sourcecode.swift; name = IndexCell.swift; path = Module/Index/IndexCell.swift; sourceTree = "<group>"; };
		E9A2ADCA1DB8B5B800CA3A8B /* IndexCell.xib */ = {isa = PBXFileReference; fileEncoding = 4; lastKnownFileType = file.xib; name = IndexCell.xib; path = ../Module/Index/IndexCell.xib; sourceTree = "<group>"; };
		E9A572B41DC23D83002DEBA1 /* Dependence.swift */ = {isa = PBXFileReference; fileEncoding = 4; lastKnownFileType = sourcecode.swift; name = Dependence.swift; path = Common/Dependence.swift; sourceTree = "<group>"; };
		E9A572BB1DC24020002DEBA1 /* BookDataManager.swift */ = {isa = PBXFileReference; fileEncoding = 4; lastKnownFileType = sourcecode.swift; path = BookDataManager.swift; sourceTree = "<group>"; };
		E9A572BD1DC24020002DEBA1 /* BookInteractor.swift */ = {isa = PBXFileReference; fileEncoding = 4; lastKnownFileType = sourcecode.swift; path = BookInteractor.swift; sourceTree = "<group>"; };
		E9A572BF1DC24020002DEBA1 /* BookModuleInterface.swift */ = {isa = PBXFileReference; fileEncoding = 4; lastKnownFileType = sourcecode.swift; path = BookModuleInterface.swift; sourceTree = "<group>"; };
		E9A572C11DC24020002DEBA1 /* BookPresenter.swift */ = {isa = PBXFileReference; fileEncoding = 4; lastKnownFileType = sourcecode.swift; path = BookPresenter.swift; sourceTree = "<group>"; };
		E9A572C31DC24020002DEBA1 /* BookViewController.swift */ = {isa = PBXFileReference; fileEncoding = 4; lastKnownFileType = sourcecode.swift; path = BookViewController.swift; sourceTree = "<group>"; };
		E9A572C41DC24020002DEBA1 /* BookViewInterface.swift */ = {isa = PBXFileReference; fileEncoding = 4; lastKnownFileType = sourcecode.swift; path = BookViewInterface.swift; sourceTree = "<group>"; };
		E9A572C61DC24020002DEBA1 /* BookWireframe.swift */ = {isa = PBXFileReference; fileEncoding = 4; lastKnownFileType = sourcecode.swift; path = BookWireframe.swift; sourceTree = "<group>"; };
		E9A958161DB85F21004C66AD /* MokhtaserAlNaseha.app */ = {isa = PBXFileReference; explicitFileType = wrapper.application; includeInIndex = 0; path = MokhtaserAlNaseha.app; sourceTree = BUILT_PRODUCTS_DIR; };
		E9A958191DB85F21004C66AD /* AppDelegate.swift */ = {isa = PBXFileReference; lastKnownFileType = sourcecode.swift; path = AppDelegate.swift; sourceTree = "<group>"; };
		E9A9581D1DB85F21004C66AD /* IndexViewController.swift */ = {isa = PBXFileReference; lastKnownFileType = sourcecode.swift; path = IndexViewController.swift; sourceTree = "<group>"; };
		E9A958201DB85F21004C66AD /* Base */ = {isa = PBXFileReference; lastKnownFileType = file.storyboard; name = Base; path = Base.lproj/Main.storyboard; sourceTree = "<group>"; };
		E9A958221DB85F21004C66AD /* Assets.xcassets */ = {isa = PBXFileReference; lastKnownFileType = folder.assetcatalog; path = Assets.xcassets; sourceTree = "<group>"; };
		E9A958251DB85F21004C66AD /* Base */ = {isa = PBXFileReference; lastKnownFileType = file.storyboard; name = Base; path = Base.lproj/LaunchScreen.storyboard; sourceTree = "<group>"; };
		E9A958271DB85F21004C66AD /* Info.plist */ = {isa = PBXFileReference; lastKnownFileType = text.plist.xml; path = Info.plist; sourceTree = "<group>"; };
		E9A9582C1DB85F22004C66AD /* MokhtaserAlNasehaTests.xctest */ = {isa = PBXFileReference; explicitFileType = wrapper.cfbundle; includeInIndex = 0; path = MokhtaserAlNasehaTests.xctest; sourceTree = BUILT_PRODUCTS_DIR; };
		E9A958301DB85F22004C66AD /* MokhtaserAlNasehaTests.swift */ = {isa = PBXFileReference; lastKnownFileType = sourcecode.swift; path = MokhtaserAlNasehaTests.swift; sourceTree = "<group>"; };
		E9A958321DB85F22004C66AD /* Info.plist */ = {isa = PBXFileReference; lastKnownFileType = text.plist.xml; path = Info.plist; sourceTree = "<group>"; };
		E9A958371DB85F22004C66AD /* MokhtaserAlNasehaUITests.xctest */ = {isa = PBXFileReference; explicitFileType = wrapper.cfbundle; includeInIndex = 0; path = MokhtaserAlNasehaUITests.xctest; sourceTree = BUILT_PRODUCTS_DIR; };
		E9A9583B1DB85F22004C66AD /* MokhtaserAlNasehaUITests.swift */ = {isa = PBXFileReference; lastKnownFileType = sourcecode.swift; path = MokhtaserAlNasehaUITests.swift; sourceTree = "<group>"; };
		E9A9583D1DB85F22004C66AD /* Info.plist */ = {isa = PBXFileReference; lastKnownFileType = text.plist.xml; path = Info.plist; sourceTree = "<group>"; };
		E9EDC2A51DBC986900546E4B /* FavoriteTableViewController.swift */ = {isa = PBXFileReference; fileEncoding = 4; lastKnownFileType = sourcecode.swift; name = FavoriteTableViewController.swift; path = Module/Favorite/FavoriteTableViewController.swift; sourceTree = "<group>"; };
		E9EDC2A71DBC9A0D00546E4B /* FavoriteCell.swift */ = {isa = PBXFileReference; fileEncoding = 4; lastKnownFileType = sourcecode.swift; name = FavoriteCell.swift; path = Module/Favorite/FavoriteCell.swift; sourceTree = "<group>"; };
		E9F0056D1DBA121A003FF978 /* IndexEntity.swift */ = {isa = PBXFileReference; fileEncoding = 4; lastKnownFileType = sourcecode.swift; name = IndexEntity.swift; path = Module/Index/IndexEntity.swift; sourceTree = "<group>"; };
		EAE58AB0BA23902D28F93B69 /* Pods-MokhtaserAlNasehaUITests.release.xcconfig */ = {isa = PBXFileReference; includeInIndex = 1; lastKnownFileType = text.xcconfig; name = "Pods-MokhtaserAlNasehaUITests.release.xcconfig"; path = "Pods/Target Support Files/Pods-MokhtaserAlNasehaUITests/Pods-MokhtaserAlNasehaUITests.release.xcconfig"; sourceTree = "<group>"; };
		F1714DA5916F539CD8ED32FB /* Pods_MokhtaserAlNasehaUITests.framework */ = {isa = PBXFileReference; explicitFileType = wrapper.framework; includeInIndex = 0; path = Pods_MokhtaserAlNasehaUITests.framework; sourceTree = BUILT_PRODUCTS_DIR; };
/* End PBXFileReference section */

/* Begin PBXFrameworksBuildPhase section */
		E9A958131DB85F20004C66AD /* Frameworks */ = {
			isa = PBXFrameworksBuildPhase;
			buildActionMask = 2147483647;
			files = (
				134DB4BB92141EB2B2585D49 /* Pods_MokhtaserAlNaseha.framework in Frameworks */,
			);
			runOnlyForDeploymentPostprocessing = 0;
		};
		E9A958291DB85F22004C66AD /* Frameworks */ = {
			isa = PBXFrameworksBuildPhase;
			buildActionMask = 2147483647;
			files = (
				379A5EFD19F603064BE42633 /* Pods_MokhtaserAlNasehaTests.framework in Frameworks */,
			);
			runOnlyForDeploymentPostprocessing = 0;
		};
		E9A958341DB85F22004C66AD /* Frameworks */ = {
			isa = PBXFrameworksBuildPhase;
			buildActionMask = 2147483647;
			files = (
				26922E5CA335A5B6151EB5C4 /* Pods_MokhtaserAlNasehaUITests.framework in Frameworks */,
			);
			runOnlyForDeploymentPostprocessing = 0;
		};
/* End PBXFrameworksBuildPhase section */

/* Begin PBXGroup section */
		C36972C2F8603820365475C4 /* Frameworks */ = {
			isa = PBXGroup;
			children = (
				D005F331354B0E1AB970A17F /* Pods_MokhtaserAlNaseha.framework */,
				8A0B86F44EBA2E7539AA4A6A /* Pods_MokhtaserAlNasehaTests.framework */,
				F1714DA5916F539CD8ED32FB /* Pods_MokhtaserAlNasehaUITests.framework */,
			);
			name = Frameworks;
			sourceTree = "<group>";
		};
		C8795281B6455FF80CEA0139 /* Pods */ = {
			isa = PBXGroup;
			children = (
				2D385D13E77FDF6BEB11F050 /* Pods-MokhtaserAlNaseha.debug.xcconfig */,
				BDC6A97E0C69F4CBA1871946 /* Pods-MokhtaserAlNaseha.release.xcconfig */,
				672B2AC8A8FEB85F1FDAB798 /* Pods-MokhtaserAlNasehaTests.debug.xcconfig */,
				2AB512B4FE23978C6B85B752 /* Pods-MokhtaserAlNasehaTests.release.xcconfig */,
				511398C7D62A4AE2A4C8EB7A /* Pods-MokhtaserAlNasehaUITests.debug.xcconfig */,
				EAE58AB0BA23902D28F93B69 /* Pods-MokhtaserAlNasehaUITests.release.xcconfig */,
			);
			name = Pods;
			sourceTree = "<group>";
		};
		E96A572A1DB8BBEA00BBD979 /* Common */ = {
			isa = PBXGroup;
			children = (
				E96A572B1DB8BC0100BBD979 /* Constants.swift */,
				E92E0E3F1DBA0D7C005E1034 /* FileManager.swift */,
			);
			name = Common;
			sourceTree = "<group>";
		};
		E9A2ADBC1DB8B03500CA3A8B /* Sources */ = {
			isa = PBXGroup;
			children = (
				E9A9581F1DB85F21004C66AD /* Main.storyboard */,
				E9A2ADCA1DB8B5B800CA3A8B /* IndexCell.xib */,
				E9A958241DB85F21004C66AD /* LaunchScreen.storyboard */,
				E92E0E411DBA0E45005E1034 /* General Index.csv */,
				E92E0E3D1DB9FA7E005E1034 /* Nasyha.pdf */,
				E9A2ADBE1DB8B03500CA3A8B /* mokhtaser.pdf */,
			);
			path = Sources;
			sourceTree = "<group>";
		};
		E9A2ADC31DB8B0E700CA3A8B /* Module */ = {
			isa = PBXGroup;
			children = (
				E9EDC2A21DBC980100546E4B /* Favorite */,
				E9A572B91DC24020002DEBA1 /* Book */,
				E9A2ADC41DB8B0F000CA3A8B /* Index */,
				E9A2ADC61DB8B17500CA3A8B /* SettingsViewContoller */,
			);
			name = Module;
			sourceTree = "<group>";
		};
		E9A2ADC41DB8B0F000CA3A8B /* Index */ = {
			isa = PBXGroup;
			children = (
				E9F0056D1DBA121A003FF978 /* IndexEntity.swift */,
				E9A9581D1DB85F21004C66AD /* IndexViewController.swift */,
				E9A2ADC91DB8B5B800CA3A8B /* IndexCell.swift */,
			);
			name = Index;
			sourceTree = "<group>";
		};
		E9A2ADC61DB8B17500CA3A8B /* SettingsViewContoller */ = {
			isa = PBXGroup;
			children = (
				E93F5DF81DBF4243006AE299 /* SettingsViewController.swift */,
			);
			name = SettingsViewContoller;
			sourceTree = "<group>";
		};
		E9A572B91DC24020002DEBA1 /* Book */ = {
			isa = PBXGroup;
			children = (
				E9A572BA1DC24020002DEBA1 /* DataManager */,
				E9A572BC1DC24020002DEBA1 /* Interactor */,
				E9A572BE1DC24020002DEBA1 /* ModuleInterface */,
				E9A572C01DC24020002DEBA1 /* Presenter */,
				E9A572C21DC24020002DEBA1 /* View */,
				E9A572C51DC24020002DEBA1 /* Wireframe */,
			);
			path = Book;
			sourceTree = "<group>";
		};
		E9A572BA1DC24020002DEBA1 /* DataManager */ = {
			isa = PBXGroup;
			children = (
				E9A572BB1DC24020002DEBA1 /* BookDataManager.swift */,
			);
			path = DataManager;
			sourceTree = "<group>";
		};
		E9A572BC1DC24020002DEBA1 /* Interactor */ = {
			isa = PBXGroup;
			children = (
				E9A572BD1DC24020002DEBA1 /* BookInteractor.swift */,
			);
			path = Interactor;
			sourceTree = "<group>";
		};
		E9A572BE1DC24020002DEBA1 /* ModuleInterface */ = {
			isa = PBXGroup;
			children = (
				E9A572BF1DC24020002DEBA1 /* BookModuleInterface.swift */,
			);
			path = ModuleInterface;
			sourceTree = "<group>";
		};
		E9A572C01DC24020002DEBA1 /* Presenter */ = {
			isa = PBXGroup;
			children = (
				E9A572C11DC24020002DEBA1 /* BookPresenter.swift */,
			);
			path = Presenter;
			sourceTree = "<group>";
		};
		E9A572C21DC24020002DEBA1 /* View */ = {
			isa = PBXGroup;
			children = (
				E9A572C31DC24020002DEBA1 /* BookViewController.swift */,
				E9A572C41DC24020002DEBA1 /* BookViewInterface.swift */,
			);
			path = View;
			sourceTree = "<group>";
		};
		E9A572C51DC24020002DEBA1 /* Wireframe */ = {
			isa = PBXGroup;
			children = (
				E9A572C61DC24020002DEBA1 /* BookWireframe.swift */,
			);
			path = Wireframe;
			sourceTree = "<group>";
		};
		E9A9580D1DB85F20004C66AD = {
			isa = PBXGroup;
			children = (
				E9A958181DB85F21004C66AD /* MokhtaserAlNaseha */,
				E9A9582F1DB85F22004C66AD /* MokhtaserAlNasehaTests */,
				E9A9583A1DB85F22004C66AD /* MokhtaserAlNasehaUITests */,
				E9A958171DB85F21004C66AD /* Products */,
				C8795281B6455FF80CEA0139 /* Pods */,
				C36972C2F8603820365475C4 /* Frameworks */,
			);
			sourceTree = "<group>";
		};
		E9A958171DB85F21004C66AD /* Products */ = {
			isa = PBXGroup;
			children = (
				E9A958161DB85F21004C66AD /* MokhtaserAlNaseha.app */,
				E9A9582C1DB85F22004C66AD /* MokhtaserAlNasehaTests.xctest */,
				E9A958371DB85F22004C66AD /* MokhtaserAlNasehaUITests.xctest */,
			);
			name = Products;
			sourceTree = "<group>";
		};
		E9A958181DB85F21004C66AD /* MokhtaserAlNaseha */ = {
			isa = PBXGroup;
			children = (
				E96A572A1DB8BBEA00BBD979 /* Common */,
				E9A2ADC31DB8B0E700CA3A8B /* Module */,
				E9A958191DB85F21004C66AD /* AppDelegate.swift */,
				E9A572B41DC23D83002DEBA1 /* Dependence.swift */,
				E9A2ADBC1DB8B03500CA3A8B /* Sources */,
				E9A958221DB85F21004C66AD /* Assets.xcassets */,
				E9A958271DB85F21004C66AD /* Info.plist */,
			);
			path = MokhtaserAlNaseha;
			sourceTree = "<group>";
		};
		E9A9582F1DB85F22004C66AD /* MokhtaserAlNasehaTests */ = {
			isa = PBXGroup;
			children = (
				E9A958301DB85F22004C66AD /* MokhtaserAlNasehaTests.swift */,
				E9A958321DB85F22004C66AD /* Info.plist */,
			);
			path = MokhtaserAlNasehaTests;
			sourceTree = "<group>";
		};
		E9A9583A1DB85F22004C66AD /* MokhtaserAlNasehaUITests */ = {
			isa = PBXGroup;
			children = (
				E9A9583B1DB85F22004C66AD /* MokhtaserAlNasehaUITests.swift */,
				E9A9583D1DB85F22004C66AD /* Info.plist */,
			);
			path = MokhtaserAlNasehaUITests;
			sourceTree = "<group>";
		};
		E9EDC2A21DBC980100546E4B /* Favorite */ = {
			isa = PBXGroup;
			children = (
				E9EDC2A51DBC986900546E4B /* FavoriteTableViewController.swift */,
				E9EDC2A71DBC9A0D00546E4B /* FavoriteCell.swift */,
			);
			name = Favorite;
			sourceTree = "<group>";
		};
/* End PBXGroup section */

/* Begin PBXNativeTarget section */
		E9A958151DB85F20004C66AD /* MokhtaserAlNaseha */ = {
			isa = PBXNativeTarget;
			buildConfigurationList = E9A958401DB85F22004C66AD /* Build configuration list for PBXNativeTarget "MokhtaserAlNaseha" */;
			buildPhases = (
				1E512A95BE66C012B3B76A70 /* [CP] Check Pods Manifest.lock */,
				E9A958121DB85F20004C66AD /* Sources */,
				E9A958131DB85F20004C66AD /* Frameworks */,
				E9A958141DB85F20004C66AD /* Resources */,
				B26F5D3707FCF4D8AF313CD0 /* [CP] Embed Pods Frameworks */,
				2DF25852CAE4F56C227EE25A /* [CP] Copy Pods Resources */,
			);
			buildRules = (
			);
			dependencies = (
			);
			name = MokhtaserAlNaseha;
			productName = MokhtaserAlNaseha;
			productReference = E9A958161DB85F21004C66AD /* MokhtaserAlNaseha.app */;
			productType = "com.apple.product-type.application";
		};
		E9A9582B1DB85F22004C66AD /* MokhtaserAlNasehaTests */ = {
			isa = PBXNativeTarget;
			buildConfigurationList = E9A958431DB85F22004C66AD /* Build configuration list for PBXNativeTarget "MokhtaserAlNasehaTests" */;
			buildPhases = (
				845A63014836DDFEFFACBE8A /* [CP] Check Pods Manifest.lock */,
				E9A958281DB85F22004C66AD /* Sources */,
				E9A958291DB85F22004C66AD /* Frameworks */,
				E9A9582A1DB85F22004C66AD /* Resources */,
				4157AB0F268540B9470AAC1C /* [CP] Embed Pods Frameworks */,
				F6AF8B635C5F86E586C50A92 /* [CP] Copy Pods Resources */,
			);
			buildRules = (
			);
			dependencies = (
				E9A9582E1DB85F22004C66AD /* PBXTargetDependency */,
			);
			name = MokhtaserAlNasehaTests;
			productName = MokhtaserAlNasehaTests;
			productReference = E9A9582C1DB85F22004C66AD /* MokhtaserAlNasehaTests.xctest */;
			productType = "com.apple.product-type.bundle.unit-test";
		};
		E9A958361DB85F22004C66AD /* MokhtaserAlNasehaUITests */ = {
			isa = PBXNativeTarget;
			buildConfigurationList = E9A958461DB85F22004C66AD /* Build configuration list for PBXNativeTarget "MokhtaserAlNasehaUITests" */;
			buildPhases = (
				D058C18CDCB0BE782091E06E /* [CP] Check Pods Manifest.lock */,
				E9A958331DB85F22004C66AD /* Sources */,
				E9A958341DB85F22004C66AD /* Frameworks */,
				E9A958351DB85F22004C66AD /* Resources */,
				4E8614824C5F7C990EA3A884 /* [CP] Copy Pods Resources */,
				6FD01B613003F0B564E69164 /* [CP] Embed Pods Frameworks */,
			);
			buildRules = (
			);
			dependencies = (
				E9A958391DB85F22004C66AD /* PBXTargetDependency */,
			);
			name = MokhtaserAlNasehaUITests;
			productName = MokhtaserAlNasehaUITests;
			productReference = E9A958371DB85F22004C66AD /* MokhtaserAlNasehaUITests.xctest */;
			productType = "com.apple.product-type.bundle.ui-testing";
		};
/* End PBXNativeTarget section */

/* Begin PBXProject section */
		E9A9580E1DB85F20004C66AD /* Project object */ = {
			isa = PBXProject;
			attributes = {
				LastSwiftUpdateCheck = 0730;
				LastUpgradeCheck = 0810;
				ORGANIZATIONNAME = "Ahmed Lotfy";
				TargetAttributes = {
					E9A958151DB85F20004C66AD = {
						CreatedOnToolsVersion = 7.3.1;
						LastSwiftMigration = 0810;
					};
					E9A9582B1DB85F22004C66AD = {
						CreatedOnToolsVersion = 7.3.1;
						LastSwiftMigration = 0810;
						TestTargetID = E9A958151DB85F20004C66AD;
					};
					E9A958361DB85F22004C66AD = {
						CreatedOnToolsVersion = 7.3.1;
						LastSwiftMigration = 0810;
						TestTargetID = E9A958151DB85F20004C66AD;
					};
				};
			};
			buildConfigurationList = E9A958111DB85F20004C66AD /* Build configuration list for PBXProject "MokhtaserAlNaseha" */;
			compatibilityVersion = "Xcode 3.2";
			developmentRegion = English;
			hasScannedForEncodings = 0;
			knownRegions = (
				en,
				Base,
			);
			mainGroup = E9A9580D1DB85F20004C66AD;
			productRefGroup = E9A958171DB85F21004C66AD /* Products */;
			projectDirPath = "";
			projectRoot = "";
			targets = (
				E9A958151DB85F20004C66AD /* MokhtaserAlNaseha */,
				E9A9582B1DB85F22004C66AD /* MokhtaserAlNasehaTests */,
				E9A958361DB85F22004C66AD /* MokhtaserAlNasehaUITests */,
			);
		};
/* End PBXProject section */

/* Begin PBXResourcesBuildPhase section */
		E9A958141DB85F20004C66AD /* Resources */ = {
			isa = PBXResourcesBuildPhase;
			buildActionMask = 2147483647;
			files = (
				E9A2ADCC1DB8B5B800CA3A8B /* IndexCell.xib in Resources */,
				E9A958261DB85F21004C66AD /* LaunchScreen.storyboard in Resources */,
				E92E0E421DBA0E45005E1034 /* General Index.csv in Resources */,
				E92E0E3E1DB9FA7E005E1034 /* Nasyha.pdf in Resources */,
				E9A958231DB85F21004C66AD /* Assets.xcassets in Resources */,
				E9A958211DB85F21004C66AD /* Main.storyboard in Resources */,
				E9A2ADC01DB8B03500CA3A8B /* mokhtaser.pdf in Resources */,
			);
			runOnlyForDeploymentPostprocessing = 0;
		};
		E9A9582A1DB85F22004C66AD /* Resources */ = {
			isa = PBXResourcesBuildPhase;
			buildActionMask = 2147483647;
			files = (
			);
			runOnlyForDeploymentPostprocessing = 0;
		};
		E9A958351DB85F22004C66AD /* Resources */ = {
			isa = PBXResourcesBuildPhase;
			buildActionMask = 2147483647;
			files = (
			);
			runOnlyForDeploymentPostprocessing = 0;
		};
/* End PBXResourcesBuildPhase section */

/* Begin PBXShellScriptBuildPhase section */
		1E512A95BE66C012B3B76A70 /* [CP] Check Pods Manifest.lock */ = {
			isa = PBXShellScriptBuildPhase;
			buildActionMask = 2147483647;
			files = (
			);
			inputPaths = (
			);
			name = "[CP] Check Pods Manifest.lock";
			outputPaths = (
			);
			runOnlyForDeploymentPostprocessing = 0;
			shellPath = /bin/sh;
			shellScript = "diff \"${PODS_ROOT}/../Podfile.lock\" \"${PODS_ROOT}/Manifest.lock\" > /dev/null\nif [ $? != 0 ] ; then\n    # print error to STDERR\n    echo \"error: The sandbox is not in sync with the Podfile.lock. Run 'pod install' or update your CocoaPods installation.\" >&2\n    exit 1\nfi\n";
			showEnvVarsInLog = 0;
		};
		2DF25852CAE4F56C227EE25A /* [CP] Copy Pods Resources */ = {
			isa = PBXShellScriptBuildPhase;
			buildActionMask = 2147483647;
			files = (
			);
			inputPaths = (
			);
			name = "[CP] Copy Pods Resources";
			outputPaths = (
			);
			runOnlyForDeploymentPostprocessing = 0;
			shellPath = /bin/sh;
			shellScript = "\"${SRCROOT}/Pods/Target Support Files/Pods-MokhtaserAlNaseha/Pods-MokhtaserAlNaseha-resources.sh\"\n";
			showEnvVarsInLog = 0;
		};
		4157AB0F268540B9470AAC1C /* [CP] Embed Pods Frameworks */ = {
			isa = PBXShellScriptBuildPhase;
			buildActionMask = 2147483647;
			files = (
			);
			inputPaths = (
			);
			name = "[CP] Embed Pods Frameworks";
			outputPaths = (
			);
			runOnlyForDeploymentPostprocessing = 0;
			shellPath = /bin/sh;
			shellScript = "\"${SRCROOT}/Pods/Target Support Files/Pods-MokhtaserAlNasehaTests/Pods-MokhtaserAlNasehaTests-frameworks.sh\"\n";
			showEnvVarsInLog = 0;
		};
		4E8614824C5F7C990EA3A884 /* [CP] Copy Pods Resources */ = {
			isa = PBXShellScriptBuildPhase;
			buildActionMask = 2147483647;
			files = (
			);
			inputPaths = (
			);
			name = "[CP] Copy Pods Resources";
			outputPaths = (
			);
			runOnlyForDeploymentPostprocessing = 0;
			shellPath = /bin/sh;
			shellScript = "\"${SRCROOT}/Pods/Target Support Files/Pods-MokhtaserAlNasehaUITests/Pods-MokhtaserAlNasehaUITests-resources.sh\"\n";
			showEnvVarsInLog = 0;
		};
		6FD01B613003F0B564E69164 /* [CP] Embed Pods Frameworks */ = {
			isa = PBXShellScriptBuildPhase;
			buildActionMask = 2147483647;
			files = (
			);
			inputPaths = (
			);
			name = "[CP] Embed Pods Frameworks";
			outputPaths = (
			);
			runOnlyForDeploymentPostprocessing = 0;
			shellPath = /bin/sh;
			shellScript = "\"${SRCROOT}/Pods/Target Support Files/Pods-MokhtaserAlNasehaUITests/Pods-MokhtaserAlNasehaUITests-frameworks.sh\"\n";
			showEnvVarsInLog = 0;
		};
		845A63014836DDFEFFACBE8A /* [CP] Check Pods Manifest.lock */ = {
			isa = PBXShellScriptBuildPhase;
			buildActionMask = 2147483647;
			files = (
			);
			inputPaths = (
			);
			name = "[CP] Check Pods Manifest.lock";
			outputPaths = (
			);
			runOnlyForDeploymentPostprocessing = 0;
			shellPath = /bin/sh;
			shellScript = "diff \"${PODS_ROOT}/../Podfile.lock\" \"${PODS_ROOT}/Manifest.lock\" > /dev/null\nif [ $? != 0 ] ; then\n    # print error to STDERR\n    echo \"error: The sandbox is not in sync with the Podfile.lock. Run 'pod install' or update your CocoaPods installation.\" >&2\n    exit 1\nfi\n";
			showEnvVarsInLog = 0;
		};
		B26F5D3707FCF4D8AF313CD0 /* [CP] Embed Pods Frameworks */ = {
			isa = PBXShellScriptBuildPhase;
			buildActionMask = 2147483647;
			files = (
			);
			inputPaths = (
			);
			name = "[CP] Embed Pods Frameworks";
			outputPaths = (
			);
			runOnlyForDeploymentPostprocessing = 0;
			shellPath = /bin/sh;
			shellScript = "\"${SRCROOT}/Pods/Target Support Files/Pods-MokhtaserAlNaseha/Pods-MokhtaserAlNaseha-frameworks.sh\"\n";
			showEnvVarsInLog = 0;
		};
		D058C18CDCB0BE782091E06E /* [CP] Check Pods Manifest.lock */ = {
			isa = PBXShellScriptBuildPhase;
			buildActionMask = 2147483647;
			files = (
			);
			inputPaths = (
			);
			name = "[CP] Check Pods Manifest.lock";
			outputPaths = (
			);
			runOnlyForDeploymentPostprocessing = 0;
			shellPath = /bin/sh;
			shellScript = "diff \"${PODS_ROOT}/../Podfile.lock\" \"${PODS_ROOT}/Manifest.lock\" > /dev/null\nif [ $? != 0 ] ; then\n    # print error to STDERR\n    echo \"error: The sandbox is not in sync with the Podfile.lock. Run 'pod install' or update your CocoaPods installation.\" >&2\n    exit 1\nfi\n";
			showEnvVarsInLog = 0;
		};
		F6AF8B635C5F86E586C50A92 /* [CP] Copy Pods Resources */ = {
			isa = PBXShellScriptBuildPhase;
			buildActionMask = 2147483647;
			files = (
			);
			inputPaths = (
			);
			name = "[CP] Copy Pods Resources";
			outputPaths = (
			);
			runOnlyForDeploymentPostprocessing = 0;
			shellPath = /bin/sh;
			shellScript = "\"${SRCROOT}/Pods/Target Support Files/Pods-MokhtaserAlNasehaTests/Pods-MokhtaserAlNasehaTests-resources.sh\"\n";
			showEnvVarsInLog = 0;
		};
/* End PBXShellScriptBuildPhase section */

/* Begin PBXSourcesBuildPhase section */
		E9A958121DB85F20004C66AD /* Sources */ = {
			isa = PBXSourcesBuildPhase;
			buildActionMask = 2147483647;
			files = (
				E9A572C71DC24020002DEBA1 /* BookDataManager.swift in Sources */,
				E9F0056E1DBA121A003FF978 /* IndexEntity.swift in Sources */,
				E9A572B51DC23D83002DEBA1 /* Dependence.swift in Sources */,
				E9A9581E1DB85F21004C66AD /* IndexViewController.swift in Sources */,
				E9EDC2A61DBC986900546E4B /* FavoriteTableViewController.swift in Sources */,
				E9A2ADCB1DB8B5B800CA3A8B /* IndexCell.swift in Sources */,
				E9A572C81DC24020002DEBA1 /* BookInteractor.swift in Sources */,
				E9A572CA1DC24020002DEBA1 /* BookPresenter.swift in Sources */,
				E92E0E401DBA0D7C005E1034 /* FileManager.swift in Sources */,
				E9A9581A1DB85F21004C66AD /* AppDelegate.swift in Sources */,
				E9EDC2A81DBC9A0D00546E4B /* FavoriteCell.swift in Sources */,
				E9A572C91DC24020002DEBA1 /* BookModuleInterface.swift in Sources */,
				E96A572C1DB8BC0100BBD979 /* Constants.swift in Sources */,
				E9A572CB1DC24020002DEBA1 /* BookViewController.swift in Sources */,
				E9A572CC1DC24020002DEBA1 /* BookViewInterface.swift in Sources */,
				E9A572CD1DC24020002DEBA1 /* BookWireframe.swift in Sources */,
				E93F5DF91DBF4243006AE299 /* SettingsViewController.swift in Sources */,
			);
			runOnlyForDeploymentPostprocessing = 0;
		};
		E9A958281DB85F22004C66AD /* Sources */ = {
			isa = PBXSourcesBuildPhase;
			buildActionMask = 2147483647;
			files = (
				E9A958311DB85F22004C66AD /* MokhtaserAlNasehaTests.swift in Sources */,
			);
			runOnlyForDeploymentPostprocessing = 0;
		};
		E9A958331DB85F22004C66AD /* Sources */ = {
			isa = PBXSourcesBuildPhase;
			buildActionMask = 2147483647;
			files = (
				E9A9583C1DB85F22004C66AD /* MokhtaserAlNasehaUITests.swift in Sources */,
			);
			runOnlyForDeploymentPostprocessing = 0;
		};
/* End PBXSourcesBuildPhase section */

/* Begin PBXTargetDependency section */
		E9A9582E1DB85F22004C66AD /* PBXTargetDependency */ = {
			isa = PBXTargetDependency;
			target = E9A958151DB85F20004C66AD /* MokhtaserAlNaseha */;
			targetProxy = E9A9582D1DB85F22004C66AD /* PBXContainerItemProxy */;
		};
		E9A958391DB85F22004C66AD /* PBXTargetDependency */ = {
			isa = PBXTargetDependency;
			target = E9A958151DB85F20004C66AD /* MokhtaserAlNaseha */;
			targetProxy = E9A958381DB85F22004C66AD /* PBXContainerItemProxy */;
		};
/* End PBXTargetDependency section */

/* Begin PBXVariantGroup section */
		E9A9581F1DB85F21004C66AD /* Main.storyboard */ = {
			isa = PBXVariantGroup;
			children = (
				E9A958201DB85F21004C66AD /* Base */,
			);
			name = Main.storyboard;
			path = ..;
			sourceTree = "<group>";
		};
		E9A958241DB85F21004C66AD /* LaunchScreen.storyboard */ = {
			isa = PBXVariantGroup;
			children = (
				E9A958251DB85F21004C66AD /* Base */,
			);
			name = LaunchScreen.storyboard;
			path = ..;
			sourceTree = "<group>";
		};
/* End PBXVariantGroup section */

/* Begin XCBuildConfiguration section */
		E9A9583E1DB85F22004C66AD /* Debug */ = {
			isa = XCBuildConfiguration;
			buildSettings = {
				ALWAYS_SEARCH_USER_PATHS = NO;
				CLANG_ANALYZER_NONNULL = YES;
				CLANG_CXX_LANGUAGE_STANDARD = "gnu++0x";
				CLANG_CXX_LIBRARY = "libc++";
				CLANG_ENABLE_MODULES = YES;
				CLANG_ENABLE_OBJC_ARC = YES;
				CLANG_WARN_BOOL_CONVERSION = YES;
				CLANG_WARN_CONSTANT_CONVERSION = YES;
				CLANG_WARN_DIRECT_OBJC_ISA_USAGE = YES_ERROR;
				CLANG_WARN_EMPTY_BODY = YES;
				CLANG_WARN_ENUM_CONVERSION = YES;
				CLANG_WARN_INFINITE_RECURSION = YES;
				CLANG_WARN_INT_CONVERSION = YES;
				CLANG_WARN_OBJC_ROOT_CLASS = YES_ERROR;
				CLANG_WARN_SUSPICIOUS_MOVE = YES;
				CLANG_WARN_UNREACHABLE_CODE = YES;
				CLANG_WARN__DUPLICATE_METHOD_MATCH = YES;
				"CODE_SIGN_IDENTITY[sdk=iphoneos*]" = "iPhone Developer";
				COPY_PHASE_STRIP = NO;
				DEBUG_INFORMATION_FORMAT = dwarf;
				ENABLE_STRICT_OBJC_MSGSEND = YES;
				ENABLE_TESTABILITY = YES;
				GCC_C_LANGUAGE_STANDARD = gnu99;
				GCC_DYNAMIC_NO_PIC = NO;
				GCC_NO_COMMON_BLOCKS = YES;
				GCC_OPTIMIZATION_LEVEL = 0;
				GCC_PREPROCESSOR_DEFINITIONS = (
					"DEBUG=1",
					"$(inherited)",
				);
				GCC_WARN_64_TO_32_BIT_CONVERSION = YES;
				GCC_WARN_ABOUT_RETURN_TYPE = YES_ERROR;
				GCC_WARN_UNDECLARED_SELECTOR = YES;
				GCC_WARN_UNINITIALIZED_AUTOS = YES_AGGRESSIVE;
				GCC_WARN_UNUSED_FUNCTION = YES;
				GCC_WARN_UNUSED_VARIABLE = YES;
				IPHONEOS_DEPLOYMENT_TARGET = 9.3;
				MTL_ENABLE_DEBUG_INFO = YES;
				ONLY_ACTIVE_ARCH = YES;
				SDKROOT = iphoneos;
				SWIFT_OPTIMIZATION_LEVEL = "-Onone";
				TARGETED_DEVICE_FAMILY = "1,2";
			};
			name = Debug;
		};
		E9A9583F1DB85F22004C66AD /* Release */ = {
			isa = XCBuildConfiguration;
			buildSettings = {
				ALWAYS_SEARCH_USER_PATHS = NO;
				CLANG_ANALYZER_NONNULL = YES;
				CLANG_CXX_LANGUAGE_STANDARD = "gnu++0x";
				CLANG_CXX_LIBRARY = "libc++";
				CLANG_ENABLE_MODULES = YES;
				CLANG_ENABLE_OBJC_ARC = YES;
				CLANG_WARN_BOOL_CONVERSION = YES;
				CLANG_WARN_CONSTANT_CONVERSION = YES;
				CLANG_WARN_DIRECT_OBJC_ISA_USAGE = YES_ERROR;
				CLANG_WARN_EMPTY_BODY = YES;
				CLANG_WARN_ENUM_CONVERSION = YES;
				CLANG_WARN_INFINITE_RECURSION = YES;
				CLANG_WARN_INT_CONVERSION = YES;
				CLANG_WARN_OBJC_ROOT_CLASS = YES_ERROR;
				CLANG_WARN_SUSPICIOUS_MOVE = YES;
				CLANG_WARN_UNREACHABLE_CODE = YES;
				CLANG_WARN__DUPLICATE_METHOD_MATCH = YES;
				"CODE_SIGN_IDENTITY[sdk=iphoneos*]" = "iPhone Developer";
				COPY_PHASE_STRIP = NO;
				DEBUG_INFORMATION_FORMAT = "dwarf-with-dsym";
				ENABLE_NS_ASSERTIONS = NO;
				ENABLE_STRICT_OBJC_MSGSEND = YES;
				GCC_C_LANGUAGE_STANDARD = gnu99;
				GCC_NO_COMMON_BLOCKS = YES;
				GCC_WARN_64_TO_32_BIT_CONVERSION = YES;
				GCC_WARN_ABOUT_RETURN_TYPE = YES_ERROR;
				GCC_WARN_UNDECLARED_SELECTOR = YES;
				GCC_WARN_UNINITIALIZED_AUTOS = YES_AGGRESSIVE;
				GCC_WARN_UNUSED_FUNCTION = YES;
				GCC_WARN_UNUSED_VARIABLE = YES;
				IPHONEOS_DEPLOYMENT_TARGET = 9.3;
				MTL_ENABLE_DEBUG_INFO = NO;
				SDKROOT = iphoneos;
				SWIFT_OPTIMIZATION_LEVEL = "-Owholemodule";
				TARGETED_DEVICE_FAMILY = "1,2";
				VALIDATE_PRODUCT = YES;
			};
			name = Release;
		};
		E9A958411DB85F22004C66AD /* Debug */ = {
			isa = XCBuildConfiguration;
			baseConfigurationReference = 2D385D13E77FDF6BEB11F050 /* Pods-MokhtaserAlNaseha.debug.xcconfig */;
			buildSettings = {
				ALWAYS_EMBED_SWIFT_STANDARD_LIBRARIES = "$(inherited)";
				ASSETCATALOG_COMPILER_APPICON_NAME = AppIcon;
				INFOPLIST_FILE = MokhtaserAlNaseha/Info.plist;
				IPHONEOS_DEPLOYMENT_TARGET = 8.0;
				LD_RUNPATH_SEARCH_PATHS = "$(inherited) @executable_path/Frameworks";
				PRODUCT_BUNDLE_IDENTIFIER = com.Badrit.MokhtaserAlNaseha;
				PRODUCT_NAME = "$(TARGET_NAME)";
				SWIFT_VERSION = 3.0;
			};
			name = Debug;
		};
		E9A958421DB85F22004C66AD /* Release */ = {
			isa = XCBuildConfiguration;
			baseConfigurationReference = BDC6A97E0C69F4CBA1871946 /* Pods-MokhtaserAlNaseha.release.xcconfig */;
			buildSettings = {
				ALWAYS_EMBED_SWIFT_STANDARD_LIBRARIES = "$(inherited)";
				ASSETCATALOG_COMPILER_APPICON_NAME = AppIcon;
				INFOPLIST_FILE = MokhtaserAlNaseha/Info.plist;
				IPHONEOS_DEPLOYMENT_TARGET = 8.0;
				LD_RUNPATH_SEARCH_PATHS = "$(inherited) @executable_path/Frameworks";
				PRODUCT_BUNDLE_IDENTIFIER = com.Badrit.MokhtaserAlNaseha;
				PRODUCT_NAME = "$(TARGET_NAME)";
				SWIFT_VERSION = 3.0;
			};
			name = Release;
		};
		E9A958441DB85F22004C66AD /* Debug */ = {
			isa = XCBuildConfiguration;
			baseConfigurationReference = 672B2AC8A8FEB85F1FDAB798 /* Pods-MokhtaserAlNasehaTests.debug.xcconfig */;
			buildSettings = {
				BUNDLE_LOADER = "$(TEST_HOST)";
				INFOPLIST_FILE = MokhtaserAlNasehaTests/Info.plist;
				LD_RUNPATH_SEARCH_PATHS = "$(inherited) @executable_path/Frameworks @loader_path/Frameworks";
				PRODUCT_BUNDLE_IDENTIFIER = com.Badrit.MokhtaserAlNasehaTests;
				PRODUCT_NAME = "$(TARGET_NAME)";
				SWIFT_VERSION = 3.0;
				TEST_HOST = "$(BUILT_PRODUCTS_DIR)/MokhtaserAlNaseha.app/MokhtaserAlNaseha";
			};
			name = Debug;
		};
		E9A958451DB85F22004C66AD /* Release */ = {
			isa = XCBuildConfiguration;
			baseConfigurationReference = 2AB512B4FE23978C6B85B752 /* Pods-MokhtaserAlNasehaTests.release.xcconfig */;
			buildSettings = {
				BUNDLE_LOADER = "$(TEST_HOST)";
				INFOPLIST_FILE = MokhtaserAlNasehaTests/Info.plist;
				LD_RUNPATH_SEARCH_PATHS = "$(inherited) @executable_path/Frameworks @loader_path/Frameworks";
				PRODUCT_BUNDLE_IDENTIFIER = com.Badrit.MokhtaserAlNasehaTests;
				PRODUCT_NAME = "$(TARGET_NAME)";
				SWIFT_VERSION = 3.0;
				TEST_HOST = "$(BUILT_PRODUCTS_DIR)/MokhtaserAlNaseha.app/MokhtaserAlNaseha";
			};
			name = Release;
		};
		E9A958471DB85F22004C66AD /* Debug */ = {
			isa = XCBuildConfiguration;
			baseConfigurationReference = 511398C7D62A4AE2A4C8EB7A /* Pods-MokhtaserAlNasehaUITests.debug.xcconfig */;
			buildSettings = {
				INFOPLIST_FILE = MokhtaserAlNasehaUITests/Info.plist;
				LD_RUNPATH_SEARCH_PATHS = "$(inherited) @executable_path/Frameworks @loader_path/Frameworks";
				PRODUCT_BUNDLE_IDENTIFIER = com.Badrit.MokhtaserAlNasehaUITests;
				PRODUCT_NAME = "$(TARGET_NAME)";
				SWIFT_VERSION = 3.0;
				TEST_TARGET_NAME = MokhtaserAlNaseha;
			};
			name = Debug;
		};
		E9A958481DB85F22004C66AD /* Release */ = {
			isa = XCBuildConfiguration;
			baseConfigurationReference = EAE58AB0BA23902D28F93B69 /* Pods-MokhtaserAlNasehaUITests.release.xcconfig */;
			buildSettings = {
				INFOPLIST_FILE = MokhtaserAlNasehaUITests/Info.plist;
				LD_RUNPATH_SEARCH_PATHS = "$(inherited) @executable_path/Frameworks @loader_path/Frameworks";
				PRODUCT_BUNDLE_IDENTIFIER = com.Badrit.MokhtaserAlNasehaUITests;
				PRODUCT_NAME = "$(TARGET_NAME)";
				SWIFT_VERSION = 3.0;
				TEST_TARGET_NAME = MokhtaserAlNaseha;
			};
			name = Release;
		};
/* End XCBuildConfiguration section */

/* Begin XCConfigurationList section */
		E9A958111DB85F20004C66AD /* Build configuration list for PBXProject "MokhtaserAlNaseha" */ = {
			isa = XCConfigurationList;
			buildConfigurations = (
				E9A9583E1DB85F22004C66AD /* Debug */,
				E9A9583F1DB85F22004C66AD /* Release */,
			);
			defaultConfigurationIsVisible = 0;
			defaultConfigurationName = Release;
		};
		E9A958401DB85F22004C66AD /* Build configuration list for PBXNativeTarget "MokhtaserAlNaseha" */ = {
			isa = XCConfigurationList;
			buildConfigurations = (
				E9A958411DB85F22004C66AD /* Debug */,
				E9A958421DB85F22004C66AD /* Release */,
			);
			defaultConfigurationIsVisible = 0;
			defaultConfigurationName = Release;
		};
		E9A958431DB85F22004C66AD /* Build configuration list for PBXNativeTarget "MokhtaserAlNasehaTests" */ = {
			isa = XCConfigurationList;
			buildConfigurations = (
				E9A958441DB85F22004C66AD /* Debug */,
				E9A958451DB85F22004C66AD /* Release */,
			);
			defaultConfigurationIsVisible = 0;
			defaultConfigurationName = Release;
		};
		E9A958461DB85F22004C66AD /* Build configuration list for PBXNativeTarget "MokhtaserAlNasehaUITests" */ = {
			isa = XCConfigurationList;
			buildConfigurations = (
				E9A958471DB85F22004C66AD /* Debug */,
				E9A958481DB85F22004C66AD /* Release */,
			);
			defaultConfigurationIsVisible = 0;
			defaultConfigurationName = Release;
		};
/* End XCConfigurationList section */
	};
	rootObject = E9A9580E1DB85F20004C66AD /* Project object */;
}
